// !$*UTF8*$!
{
	archiveVersion = 1;
	classes = {
	};
	objectVersion = 55;
	objects = {

/* Begin PBXBuildFile section */
		40C20E73288FA083000A4BD7 /* AppDelegate.swift in Sources */ = {isa = PBXBuildFile; fileRef = 40C20E72288FA083000A4BD7 /* AppDelegate.swift */; };
		40C20E75288FA083000A4BD7 /* SceneDelegate.swift in Sources */ = {isa = PBXBuildFile; fileRef = 40C20E74288FA083000A4BD7 /* SceneDelegate.swift */; };
		40C20E7A288FA083000A4BD7 /* Main.storyboard in Resources */ = {isa = PBXBuildFile; fileRef = 40C20E78288FA083000A4BD7 /* Main.storyboard */; };
		40C20E7D288FA083000A4BD7 /* Hello_Swift.xcdatamodeld in Sources */ = {isa = PBXBuildFile; fileRef = 40C20E7B288FA083000A4BD7 /* Hello_Swift.xcdatamodeld */; };
		40C20E7F288FA085000A4BD7 /* Assets.xcassets in Resources */ = {isa = PBXBuildFile; fileRef = 40C20E7E288FA085000A4BD7 /* Assets.xcassets */; };
		40C20E82288FA085000A4BD7 /* LaunchScreen.storyboard in Resources */ = {isa = PBXBuildFile; fileRef = 40C20E80288FA085000A4BD7 /* LaunchScreen.storyboard */; };
		40C20E8D288FA085000A4BD7 /* Hello_SwiftTests.swift in Sources */ = {isa = PBXBuildFile; fileRef = 40C20E8C288FA085000A4BD7 /* Hello_SwiftTests.swift */; };
		40C20E97288FA086000A4BD7 /* Hello_SwiftUITests.swift in Sources */ = {isa = PBXBuildFile; fileRef = 40C20E96288FA086000A4BD7 /* Hello_SwiftUITests.swift */; };
		40C20E99288FA086000A4BD7 /* Hello_SwiftUITestsLaunchTests.swift in Sources */ = {isa = PBXBuildFile; fileRef = 40C20E98288FA086000A4BD7 /* Hello_SwiftUITestsLaunchTests.swift */; };
		40C20EFE289399B1000A4BD7 /* ViewController.swift in Sources */ = {isa = PBXBuildFile; fileRef = 40C20EFD289399B1000A4BD7 /* ViewController.swift */; };
		40C20F062893BA8B000A4BD7 /* FastTyping.mp4 in Resources */ = {isa = PBXBuildFile; fileRef = 40C20F032893BA8B000A4BD7 /* FastTyping.mp4 */; };
		40C20F072893BA8B000A4BD7 /* Fireworks.jpg in Resources */ = {isa = PBXBuildFile; fileRef = 40C20F042893BA8B000A4BD7 /* Fireworks.jpg */; };
		40C20F082893BA8B000A4BD7 /* FastTyping.jpg in Resources */ = {isa = PBXBuildFile; fileRef = 40C20F052893BA8B000A4BD7 /* FastTyping.jpg */; };
		40C20F0C2893C17E000A4BD7 /* Seascape.jpg in Resources */ = {isa = PBXBuildFile; fileRef = 40C20F092893C17D000A4BD7 /* Seascape.jpg */; };
		40C20F0D2893C17E000A4BD7 /* Mountaineering.mov in Resources */ = {isa = PBXBuildFile; fileRef = 40C20F0A2893C17E000A4BD7 /* Mountaineering.mov */; };
		40C20F0E2893C17E000A4BD7 /* Mountaineering.jpg in Resources */ = {isa = PBXBuildFile; fileRef = 40C20F0B2893C17E000A4BD7 /* Mountaineering.jpg */; };
/* End PBXBuildFile section */

/* Begin PBXContainerItemProxy section */
		40C20E89288FA085000A4BD7 /* PBXContainerItemProxy */ = {
			isa = PBXContainerItemProxy;
			containerPortal = 40C20E67288FA083000A4BD7 /* Project object */;
			proxyType = 1;
			remoteGlobalIDString = 40C20E6E288FA083000A4BD7;
			remoteInfo = Hello_Swift;
		};
		40C20E93288FA086000A4BD7 /* PBXContainerItemProxy */ = {
			isa = PBXContainerItemProxy;
			containerPortal = 40C20E67288FA083000A4BD7 /* Project object */;
			proxyType = 1;
			remoteGlobalIDString = 40C20E6E288FA083000A4BD7;
			remoteInfo = Hello_Swift;
		};
/* End PBXContainerItemProxy section */

/* Begin PBXFileReference section */
		40C20E6F288FA083000A4BD7 /* Hello_Swift.app */ = {isa = PBXFileReference; explicitFileType = wrapper.application; includeInIndex = 0; path = Hello_Swift.app; sourceTree = BUILT_PRODUCTS_DIR; };
		40C20E72288FA083000A4BD7 /* AppDelegate.swift */ = {isa = PBXFileReference; lastKnownFileType = sourcecode.swift; path = AppDelegate.swift; sourceTree = "<group>"; };
		40C20E74288FA083000A4BD7 /* SceneDelegate.swift */ = {isa = PBXFileReference; lastKnownFileType = sourcecode.swift; path = SceneDelegate.swift; sourceTree = "<group>"; };
		40C20E79288FA083000A4BD7 /* Base */ = {isa = PBXFileReference; lastKnownFileType = file.storyboard; name = Base; path = Base.lproj/Main.storyboard; sourceTree = "<group>"; };
		40C20E7C288FA083000A4BD7 /* Hello_Swift.xcdatamodel */ = {isa = PBXFileReference; lastKnownFileType = wrapper.xcdatamodel; path = Hello_Swift.xcdatamodel; sourceTree = "<group>"; };
		40C20E7E288FA085000A4BD7 /* Assets.xcassets */ = {isa = PBXFileReference; lastKnownFileType = folder.assetcatalog; path = Assets.xcassets; sourceTree = "<group>"; };
		40C20E81288FA085000A4BD7 /* Base */ = {isa = PBXFileReference; lastKnownFileType = file.storyboard; name = Base; path = Base.lproj/LaunchScreen.storyboard; sourceTree = "<group>"; };
		40C20E83288FA085000A4BD7 /* Info.plist */ = {isa = PBXFileReference; lastKnownFileType = text.plist.xml; path = Info.plist; sourceTree = "<group>"; };
		40C20E88288FA085000A4BD7 /* Hello_SwiftTests.xctest */ = {isa = PBXFileReference; explicitFileType = wrapper.cfbundle; includeInIndex = 0; path = Hello_SwiftTests.xctest; sourceTree = BUILT_PRODUCTS_DIR; };
		40C20E8C288FA085000A4BD7 /* Hello_SwiftTests.swift */ = {isa = PBXFileReference; lastKnownFileType = sourcecode.swift; path = Hello_SwiftTests.swift; sourceTree = "<group>"; };
		40C20E92288FA086000A4BD7 /* Hello_SwiftUITests.xctest */ = {isa = PBXFileReference; explicitFileType = wrapper.cfbundle; includeInIndex = 0; path = Hello_SwiftUITests.xctest; sourceTree = BUILT_PRODUCTS_DIR; };
		40C20E96288FA086000A4BD7 /* Hello_SwiftUITests.swift */ = {isa = PBXFileReference; lastKnownFileType = sourcecode.swift; path = Hello_SwiftUITests.swift; sourceTree = "<group>"; };
		40C20E98288FA086000A4BD7 /* Hello_SwiftUITestsLaunchTests.swift */ = {isa = PBXFileReference; lastKnownFileType = sourcecode.swift; path = Hello_SwiftUITestsLaunchTests.swift; sourceTree = "<group>"; };
		40C20EFD289399B1000A4BD7 /* ViewController.swift */ = {isa = PBXFileReference; lastKnownFileType = sourcecode.swift; path = ViewController.swift; sourceTree = "<group>"; };
		40C20F032893BA8B000A4BD7 /* FastTyping.mp4 */ = {isa = PBXFileReference; lastKnownFileType = file; path = FastTyping.mp4; sourceTree = "<group>"; };
		40C20F042893BA8B000A4BD7 /* Fireworks.jpg */ = {isa = PBXFileReference; lastKnownFileType = image.jpeg; path = Fireworks.jpg; sourceTree = "<group>"; };
		40C20F052893BA8B000A4BD7 /* FastTyping.jpg */ = {isa = PBXFileReference; lastKnownFileType = image.jpeg; path = FastTyping.jpg; sourceTree = "<group>"; };
		40C20F092893C17D000A4BD7 /* Seascape.jpg */ = {isa = PBXFileReference; lastKnownFileType = image.jpeg; path = Seascape.jpg; sourceTree = "<group>"; };
		40C20F0A2893C17E000A4BD7 /* Mountaineering.mov */ = {isa = PBXFileReference; lastKnownFileType = video.quicktime; path = Mountaineering.mov; sourceTree = "<group>"; };
		40C20F0B2893C17E000A4BD7 /* Mountaineering.jpg */ = {isa = PBXFileReference; lastKnownFileType = image.jpeg; path = Mountaineering.jpg; sourceTree = "<group>"; };
/* End PBXFileReference section */

/* Begin PBXFrameworksBuildPhase section */
		40C20E6C288FA083000A4BD7 /* Frameworks */ = {
			isa = PBXFrameworksBuildPhase;
			buildActionMask = 2147483647;
			files = (
			);
			runOnlyForDeploymentPostprocessing = 0;
		};
		40C20E85288FA085000A4BD7 /* Frameworks */ = {
			isa = PBXFrameworksBuildPhase;
			buildActionMask = 2147483647;
			files = (
			);
			runOnlyForDeploymentPostprocessing = 0;
		};
		40C20E8F288FA086000A4BD7 /* Frameworks */ = {
			isa = PBXFrameworksBuildPhase;
			buildActionMask = 2147483647;
			files = (
			);
			runOnlyForDeploymentPostprocessing = 0;
		};
/* End PBXFrameworksBuildPhase section */

/* Begin PBXGroup section */
		40C20E66288FA083000A4BD7 = {
			isa = PBXGroup;
			children = (
				40C20E71288FA083000A4BD7 /* Hello_Swift */,
				40C20E8B288FA085000A4BD7 /* Hello_SwiftTests */,
				40C20E95288FA086000A4BD7 /* Hello_SwiftUITests */,
				40C20E70288FA083000A4BD7 /* Products */,
			);
			sourceTree = "<group>";
		};
		40C20E70288FA083000A4BD7 /* Products */ = {
			isa = PBXGroup;
			children = (
				40C20E6F288FA083000A4BD7 /* Hello_Swift.app */,
				40C20E88288FA085000A4BD7 /* Hello_SwiftTests.xctest */,
				40C20E92288FA086000A4BD7 /* Hello_SwiftUITests.xctest */,
			);
			name = Products;
			sourceTree = "<group>";
		};
		40C20E71288FA083000A4BD7 /* Hello_Swift */ = {
			isa = PBXGroup;
			children = (
				40C20F052893BA8B000A4BD7 /* FastTyping.jpg */,
				40C20F032893BA8B000A4BD7 /* FastTyping.mp4 */,
				40C20F042893BA8B000A4BD7 /* Fireworks.jpg */,
				40C20F0B2893C17E000A4BD7 /* Mountaineering.jpg */,
				40C20F0A2893C17E000A4BD7 /* Mountaineering.mov */,
				40C20F092893C17D000A4BD7 /* Seascape.jpg */,
				40C20E72288FA083000A4BD7 /* AppDelegate.swift */,
				40C20E74288FA083000A4BD7 /* SceneDelegate.swift */,
				40C20EFD289399B1000A4BD7 /* ViewController.swift */,
				40C20E78288FA083000A4BD7 /* Main.storyboard */,
				40C20E7E288FA085000A4BD7 /* Assets.xcassets */,
				40C20E80288FA085000A4BD7 /* LaunchScreen.storyboard */,
				40C20E83288FA085000A4BD7 /* Info.plist */,
				40C20E7B288FA083000A4BD7 /* Hello_Swift.xcdatamodeld */,
			);
			path = Hello_Swift;
			sourceTree = "<group>";
		};
		40C20E8B288FA085000A4BD7 /* Hello_SwiftTests */ = {
			isa = PBXGroup;
			children = (
				40C20E8C288FA085000A4BD7 /* Hello_SwiftTests.swift */,
			);
			path = Hello_SwiftTests;
			sourceTree = "<group>";
		};
		40C20E95288FA086000A4BD7 /* Hello_SwiftUITests */ = {
			isa = PBXGroup;
			children = (
				40C20E96288FA086000A4BD7 /* Hello_SwiftUITests.swift */,
				40C20E98288FA086000A4BD7 /* Hello_SwiftUITestsLaunchTests.swift */,
			);
			path = Hello_SwiftUITests;
			sourceTree = "<group>";
		};
/* End PBXGroup section */

/* Begin PBXNativeTarget section */
		40C20E6E288FA083000A4BD7 /* Hello_Swift */ = {
			isa = PBXNativeTarget;
			buildConfigurationList = 40C20E9C288FA086000A4BD7 /* Build configuration list for PBXNativeTarget "Hello_Swift" */;
			buildPhases = (
				40C20E6B288FA083000A4BD7 /* Sources */,
				40C20E6C288FA083000A4BD7 /* Frameworks */,
				40C20E6D288FA083000A4BD7 /* Resources */,
			);
			buildRules = (
			);
			dependencies = (
			);
			name = Hello_Swift;
			productName = Hello_Swift;
			productReference = 40C20E6F288FA083000A4BD7 /* Hello_Swift.app */;
			productType = "com.apple.product-type.application";
		};
		40C20E87288FA085000A4BD7 /* Hello_SwiftTests */ = {
			isa = PBXNativeTarget;
			buildConfigurationList = 40C20E9F288FA086000A4BD7 /* Build configuration list for PBXNativeTarget "Hello_SwiftTests" */;
			buildPhases = (
				40C20E84288FA085000A4BD7 /* Sources */,
				40C20E85288FA085000A4BD7 /* Frameworks */,
				40C20E86288FA085000A4BD7 /* Resources */,
			);
			buildRules = (
			);
			dependencies = (
				40C20E8A288FA085000A4BD7 /* PBXTargetDependency */,
			);
			name = Hello_SwiftTests;
			productName = Hello_SwiftTests;
			productReference = 40C20E88288FA085000A4BD7 /* Hello_SwiftTests.xctest */;
			productType = "com.apple.product-type.bundle.unit-test";
		};
		40C20E91288FA086000A4BD7 /* Hello_SwiftUITests */ = {
			isa = PBXNativeTarget;
			buildConfigurationList = 40C20EA2288FA086000A4BD7 /* Build configuration list for PBXNativeTarget "Hello_SwiftUITests" */;
			buildPhases = (
				40C20E8E288FA086000A4BD7 /* Sources */,
				40C20E8F288FA086000A4BD7 /* Frameworks */,
				40C20E90288FA086000A4BD7 /* Resources */,
			);
			buildRules = (
			);
			dependencies = (
				40C20E94288FA086000A4BD7 /* PBXTargetDependency */,
			);
			name = Hello_SwiftUITests;
			productName = Hello_SwiftUITests;
			productReference = 40C20E92288FA086000A4BD7 /* Hello_SwiftUITests.xctest */;
			productType = "com.apple.product-type.bundle.ui-testing";
		};
/* End PBXNativeTarget section */

/* Begin PBXProject section */
		40C20E67288FA083000A4BD7 /* Project object */ = {
			isa = PBXProject;
			attributes = {
				BuildIndependentTargetsInParallel = 1;
				LastSwiftUpdateCheck = 1330;
				LastUpgradeCheck = 1330;
				TargetAttributes = {
					40C20E6E288FA083000A4BD7 = {
						CreatedOnToolsVersion = 13.3.1;
					};
					40C20E87288FA085000A4BD7 = {
						CreatedOnToolsVersion = 13.3.1;
						TestTargetID = 40C20E6E288FA083000A4BD7;
					};
					40C20E91288FA086000A4BD7 = {
						CreatedOnToolsVersion = 13.3.1;
						TestTargetID = 40C20E6E288FA083000A4BD7;
					};
				};
			};
			buildConfigurationList = 40C20E6A288FA083000A4BD7 /* Build configuration list for PBXProject "Hello_Swift" */;
			compatibilityVersion = "Xcode 13.0";
			developmentRegion = en;
			hasScannedForEncodings = 0;
			knownRegions = (
				en,
				Base,
			);
			mainGroup = 40C20E66288FA083000A4BD7;
			productRefGroup = 40C20E70288FA083000A4BD7 /* Products */;
			projectDirPath = "";
			projectRoot = "";
			targets = (
				40C20E6E288FA083000A4BD7 /* Hello_Swift */,
				40C20E87288FA085000A4BD7 /* Hello_SwiftTests */,
				40C20E91288FA086000A4BD7 /* Hello_SwiftUITests */,
			);
		};
/* End PBXProject section */

/* Begin PBXResourcesBuildPhase section */
		40C20E6D288FA083000A4BD7 /* Resources */ = {
			isa = PBXResourcesBuildPhase;
			buildActionMask = 2147483647;
			files = (
				40C20F072893BA8B000A4BD7 /* Fireworks.jpg in Resources */,
				40C20E82288FA085000A4BD7 /* LaunchScreen.storyboard in Resources */,
				40C20F082893BA8B000A4BD7 /* FastTyping.jpg in Resources */,
				40C20E7F288FA085000A4BD7 /* Assets.xcassets in Resources */,
				40C20F0E2893C17E000A4BD7 /* Mountaineering.jpg in Resources */,
				40C20F062893BA8B000A4BD7 /* FastTyping.mp4 in Resources */,
				40C20F0C2893C17E000A4BD7 /* Seascape.jpg in Resources */,
				40C20E7A288FA083000A4BD7 /* Main.storyboard in Resources */,
				40C20F0D2893C17E000A4BD7 /* Mountaineering.mov in Resources */,
			);
			runOnlyForDeploymentPostprocessing = 0;
		};
		40C20E86288FA085000A4BD7 /* Resources */ = {
			isa = PBXResourcesBuildPhase;
			buildActionMask = 2147483647;
			files = (
			);
			runOnlyForDeploymentPostprocessing = 0;
		};
		40C20E90288FA086000A4BD7 /* Resources */ = {
			isa = PBXResourcesBuildPhase;
			buildActionMask = 2147483647;
			files = (
			);
			runOnlyForDeploymentPostprocessing = 0;
		};
/* End PBXResourcesBuildPhase section */

/* Begin PBXSourcesBuildPhase section */
		40C20E6B288FA083000A4BD7 /* Sources */ = {
			isa = PBXSourcesBuildPhase;
			buildActionMask = 2147483647;
			files = (
				40C20E7D288FA083000A4BD7 /* Hello_Swift.xcdatamodeld in Sources */,
				40C20E73288FA083000A4BD7 /* AppDelegate.swift in Sources */,
				40C20EFE289399B1000A4BD7 /* ViewController.swift in Sources */,
				40C20E75288FA083000A4BD7 /* SceneDelegate.swift in Sources */,
			);
			runOnlyForDeploymentPostprocessing = 0;
		};
		40C20E84288FA085000A4BD7 /* Sources */ = {
			isa = PBXSourcesBuildPhase;
			buildActionMask = 2147483647;
			files = (
				40C20E8D288FA085000A4BD7 /* Hello_SwiftTests.swift in Sources */,
			);
			runOnlyForDeploymentPostprocessing = 0;
		};
		40C20E8E288FA086000A4BD7 /* Sources */ = {
			isa = PBXSourcesBuildPhase;
			buildActionMask = 2147483647;
			files = (
				40C20E97288FA086000A4BD7 /* Hello_SwiftUITests.swift in Sources */,
				40C20E99288FA086000A4BD7 /* Hello_SwiftUITestsLaunchTests.swift in Sources */,
			);
			runOnlyForDeploymentPostprocessing = 0;
		};
/* End PBXSourcesBuildPhase section */

/* Begin PBXTargetDependency section */
		40C20E8A288FA085000A4BD7 /* PBXTargetDependency */ = {
			isa = PBXTargetDependency;
			target = 40C20E6E288FA083000A4BD7 /* Hello_Swift */;
			targetProxy = 40C20E89288FA085000A4BD7 /* PBXContainerItemProxy */;
		};
		40C20E94288FA086000A4BD7 /* PBXTargetDependency */ = {
			isa = PBXTargetDependency;
			target = 40C20E6E288FA083000A4BD7 /* Hello_Swift */;
			targetProxy = 40C20E93288FA086000A4BD7 /* PBXContainerItemProxy */;
		};
/* End PBXTargetDependency section */

/* Begin PBXVariantGroup section */
		40C20E78288FA083000A4BD7 /* Main.storyboard */ = {
			isa = PBXVariantGroup;
			children = (
				40C20E79288FA083000A4BD7 /* Base */,
			);
			name = Main.storyboard;
			sourceTree = "<group>";
		};
		40C20E80288FA085000A4BD7 /* LaunchScreen.storyboard */ = {
			isa = PBXVariantGroup;
			children = (
				40C20E81288FA085000A4BD7 /* Base */,
			);
			name = LaunchScreen.storyboard;
			sourceTree = "<group>";
		};
/* End PBXVariantGroup section */

/* Begin XCBuildConfiguration section */
		40C20E9A288FA086000A4BD7 /* Debug */ = {
			isa = XCBuildConfiguration;
			buildSettings = {
				ALWAYS_SEARCH_USER_PATHS = NO;
				CLANG_ANALYZER_NONNULL = YES;
				CLANG_ANALYZER_NUMBER_OBJECT_CONVERSION = YES_AGGRESSIVE;
				CLANG_CXX_LANGUAGE_STANDARD = "gnu++17";
				CLANG_ENABLE_MODULES = YES;
				CLANG_ENABLE_OBJC_ARC = YES;
				CLANG_ENABLE_OBJC_WEAK = YES;
				CLANG_WARN_BLOCK_CAPTURE_AUTORELEASING = YES;
				CLANG_WARN_BOOL_CONVERSION = YES;
				CLANG_WARN_COMMA = YES;
				CLANG_WARN_CONSTANT_CONVERSION = YES;
				CLANG_WARN_DEPRECATED_OBJC_IMPLEMENTATIONS = YES;
				CLANG_WARN_DIRECT_OBJC_ISA_USAGE = YES_ERROR;
				CLANG_WARN_DOCUMENTATION_COMMENTS = YES;
				CLANG_WARN_EMPTY_BODY = YES;
				CLANG_WARN_ENUM_CONVERSION = YES;
				CLANG_WARN_INFINITE_RECURSION = YES;
				CLANG_WARN_INT_CONVERSION = YES;
				CLANG_WARN_NON_LITERAL_NULL_CONVERSION = YES;
				CLANG_WARN_OBJC_IMPLICIT_RETAIN_SELF = YES;
				CLANG_WARN_OBJC_LITERAL_CONVERSION = YES;
				CLANG_WARN_OBJC_ROOT_CLASS = YES_ERROR;
				CLANG_WARN_QUOTED_INCLUDE_IN_FRAMEWORK_HEADER = YES;
				CLANG_WARN_RANGE_LOOP_ANALYSIS = YES;
				CLANG_WARN_STRICT_PROTOTYPES = YES;
				CLANG_WARN_SUSPICIOUS_MOVE = YES;
				CLANG_WARN_UNGUARDED_AVAILABILITY = YES_AGGRESSIVE;
				CLANG_WARN_UNREACHABLE_CODE = YES;
				CLANG_WARN__DUPLICATE_METHOD_MATCH = YES;
				COPY_PHASE_STRIP = NO;
				DEBUG_INFORMATION_FORMAT = dwarf;
				ENABLE_STRICT_OBJC_MSGSEND = YES;
				ENABLE_TESTABILITY = YES;
				GCC_C_LANGUAGE_STANDARD = gnu11;
				GCC_DYNAMIC_NO_PIC = NO;
				GCC_NO_COMMON_BLOCKS = YES;
				GCC_OPTIMIZATION_LEVEL = 0;
				GCC_PREPROCESSOR_DEFINITIONS = (
					"DEBUG=1",
					"$(inherited)",
				);
				GCC_WARN_64_TO_32_BIT_CONVERSION = YES;
				GCC_WARN_ABOUT_RETURN_TYPE = YES_ERROR;
				GCC_WARN_UNDECLARED_SELECTOR = YES;
				GCC_WARN_UNINITIALIZED_AUTOS = YES_AGGRESSIVE;
				GCC_WARN_UNUSED_FUNCTION = YES;
				GCC_WARN_UNUSED_VARIABLE = YES;
				IPHONEOS_DEPLOYMENT_TARGET = 15.4;
				MTL_ENABLE_DEBUG_INFO = INCLUDE_SOURCE;
				MTL_FAST_MATH = YES;
				ONLY_ACTIVE_ARCH = YES;
				SDKROOT = iphoneos;
				SWIFT_ACTIVE_COMPILATION_CONDITIONS = DEBUG;
				SWIFT_OPTIMIZATION_LEVEL = "-Onone";
			};
			name = Debug;
		};
		40C20E9B288FA086000A4BD7 /* Release */ = {
			isa = XCBuildConfiguration;
			buildSettings = {
				ALWAYS_SEARCH_USER_PATHS = NO;
				CLANG_ANALYZER_NONNULL = YES;
				CLANG_ANALYZER_NUMBER_OBJECT_CONVERSION = YES_AGGRESSIVE;
				CLANG_CXX_LANGUAGE_STANDARD = "gnu++17";
				CLANG_ENABLE_MODULES = YES;
				CLANG_ENABLE_OBJC_ARC = YES;
				CLANG_ENABLE_OBJC_WEAK = YES;
				CLANG_WARN_BLOCK_CAPTURE_AUTORELEASING = YES;
				CLANG_WARN_BOOL_CONVERSION = YES;
				CLANG_WARN_COMMA = YES;
				CLANG_WARN_CONSTANT_CONVERSION = YES;
				CLANG_WARN_DEPRECATED_OBJC_IMPLEMENTATIONS = YES;
				CLANG_WARN_DIRECT_OBJC_ISA_USAGE = YES_ERROR;
				CLANG_WARN_DOCUMENTATION_COMMENTS = YES;
				CLANG_WARN_EMPTY_BODY = YES;
				CLANG_WARN_ENUM_CONVERSION = YES;
				CLANG_WARN_INFINITE_RECURSION = YES;
				CLANG_WARN_INT_CONVERSION = YES;
				CLANG_WARN_NON_LITERAL_NULL_CONVERSION = YES;
				CLANG_WARN_OBJC_IMPLICIT_RETAIN_SELF = YES;
				CLANG_WARN_OBJC_LITERAL_CONVERSION = YES;
				CLANG_WARN_OBJC_ROOT_CLASS = YES_ERROR;
				CLANG_WARN_QUOTED_INCLUDE_IN_FRAMEWORK_HEADER = YES;
				CLANG_WARN_RANGE_LOOP_ANALYSIS = YES;
				CLANG_WARN_STRICT_PROTOTYPES = YES;
				CLANG_WARN_SUSPICIOUS_MOVE = YES;
				CLANG_WARN_UNGUARDED_AVAILABILITY = YES_AGGRESSIVE;
				CLANG_WARN_UNREACHABLE_CODE = YES;
				CLANG_WARN__DUPLICATE_METHOD_MATCH = YES;
				COPY_PHASE_STRIP = NO;
				DEBUG_INFORMATION_FORMAT = "dwarf-with-dsym";
				ENABLE_NS_ASSERTIONS = NO;
				ENABLE_STRICT_OBJC_MSGSEND = YES;
				GCC_C_LANGUAGE_STANDARD = gnu11;
				GCC_NO_COMMON_BLOCKS = YES;
				GCC_WARN_64_TO_32_BIT_CONVERSION = YES;
				GCC_WARN_ABOUT_RETURN_TYPE = YES_ERROR;
				GCC_WARN_UNDECLARED_SELECTOR = YES;
				GCC_WARN_UNINITIALIZED_AUTOS = YES_AGGRESSIVE;
				GCC_WARN_UNUSED_FUNCTION = YES;
				GCC_WARN_UNUSED_VARIABLE = YES;
				IPHONEOS_DEPLOYMENT_TARGET = 15.4;
				MTL_ENABLE_DEBUG_INFO = NO;
				MTL_FAST_MATH = YES;
				SDKROOT = iphoneos;
				SWIFT_COMPILATION_MODE = wholemodule;
				SWIFT_OPTIMIZATION_LEVEL = "-O";
				VALIDATE_PRODUCT = YES;
			};
			name = Release;
		};
		40C20E9D288FA086000A4BD7 /* Debug */ = {
			isa = XCBuildConfiguration;
			buildSettings = {
				ASSETCATALOG_COMPILER_APPICON_NAME = AppIcon;
				ASSETCATALOG_COMPILER_GLOBAL_ACCENT_COLOR_NAME = AccentColor;
				CODE_SIGN_STYLE = Automatic;
				CURRENT_PROJECT_VERSION = 1;
				DEVELOPMENT_TEAM = CJFFCJSB6U;
				GENERATE_INFOPLIST_FILE = YES;
				INFOPLIST_FILE = Hello_Swift/Info.plist;
				INFOPLIST_KEY_UIApplicationSupportsIndirectInputEvents = YES;
				INFOPLIST_KEY_UILaunchStoryboardName = LaunchScreen;
				INFOPLIST_KEY_UIMainStoryboardFile = Main;
				INFOPLIST_KEY_UISupportedInterfaceOrientations = UIInterfaceOrientationPortrait;
				INFOPLIST_KEY_UISupportedInterfaceOrientations_iPad = "UIInterfaceOrientationPortrait UIInterfaceOrientationPortraitUpsideDown UIInterfaceOrientationLandscapeLeft UIInterfaceOrientationLandscapeRight";
				INFOPLIST_KEY_UISupportedInterfaceOrientations_iPhone = "UIInterfaceOrientationPortrait UIInterfaceOrientationLandscapeLeft UIInterfaceOrientationLandscapeRight";
				IPHONEOS_DEPLOYMENT_TARGET = 15.0;
				LD_RUNPATH_SEARCH_PATHS = (
					"$(inherited)",
					"@executable_path/Frameworks",
				);
				MARKETING_VERSION = 1.0;
				PRODUCT_BUNDLE_IDENTIFIER = "com.simplebio.Hello-Swift";
				PRODUCT_NAME = "$(TARGET_NAME)";
				SWIFT_EMIT_LOC_STRINGS = YES;
				SWIFT_VERSION = 5.0;
				TARGETED_DEVICE_FAMILY = "1,2";
			};
			name = Debug;
		};
		40C20E9E288FA086000A4BD7 /* Release */ = {
			isa = XCBuildConfiguration;
			buildSettings = {
				ASSETCATALOG_COMPILER_APPICON_NAME = AppIcon;
				ASSETCATALOG_COMPILER_GLOBAL_ACCENT_COLOR_NAME = AccentColor;
				CODE_SIGN_STYLE = Automatic;
				CURRENT_PROJECT_VERSION = 1;
				DEVELOPMENT_TEAM = CJFFCJSB6U;
				GENERATE_INFOPLIST_FILE = YES;
				INFOPLIST_FILE = Hello_Swift/Info.plist;
				INFOPLIST_KEY_UIApplicationSupportsIndirectInputEvents = YES;
				INFOPLIST_KEY_UILaunchStoryboardName = LaunchScreen;
				INFOPLIST_KEY_UIMainStoryboardFile = Main;
				INFOPLIST_KEY_UISupportedInterfaceOrientations = UIInterfaceOrientationPortrait;
				INFOPLIST_KEY_UISupportedInterfaceOrientations_iPad = "UIInterfaceOrientationPortrait UIInterfaceOrientationPortraitUpsideDown UIInterfaceOrientationLandscapeLeft UIInterfaceOrientationLandscapeRight";
				INFOPLIST_KEY_UISupportedInterfaceOrientations_iPhone = "UIInterfaceOrientationPortrait UIInterfaceOrientationLandscapeLeft UIInterfaceOrientationLandscapeRight";
				IPHONEOS_DEPLOYMENT_TARGET = 15.0;
				LD_RUNPATH_SEARCH_PATHS = (
					"$(inherited)",
					"@executable_path/Frameworks",
				);
				MARKETING_VERSION = 1.0;
				PRODUCT_BUNDLE_IDENTIFIER = "com.simplebio.Hello-Swift";
				PRODUCT_NAME = "$(TARGET_NAME)";
				SWIFT_EMIT_LOC_STRINGS = YES;
				SWIFT_VERSION = 5.0;
				TARGETED_DEVICE_FAMILY = "1,2";
			};
			name = Release;
		};
		40C20EA0288FA086000A4BD7 /* Debug */ = {
			isa = XCBuildConfiguration;
			buildSettings = {
				ALWAYS_EMBED_SWIFT_STANDARD_LIBRARIES = YES;
				BUNDLE_LOADER = "$(TEST_HOST)";
				CODE_SIGN_STYLE = Automatic;
				CURRENT_PROJECT_VERSION = 1;
				DEVELOPMENT_TEAM = CJFFCJSB6U;
				GENERATE_INFOPLIST_FILE = YES;
				IPHONEOS_DEPLOYMENT_TARGET = 15.4;
				MARKETING_VERSION = 1.0;
				PRODUCT_BUNDLE_IDENTIFIER = "com.simplebio.Hello-SwiftTests";
				PRODUCT_NAME = "$(TARGET_NAME)";
				SWIFT_EMIT_LOC_STRINGS = NO;
				SWIFT_VERSION = 5.0;
				TARGETED_DEVICE_FAMILY = "1,2";
				TEST_HOST = "$(BUILT_PRODUCTS_DIR)/Hello_Swift.app/Hello_Swift";
			};
			name = Debug;
		};
		40C20EA1288FA086000A4BD7 /* Release */ = {
			isa = XCBuildConfiguration;
			buildSettings = {
				ALWAYS_EMBED_SWIFT_STANDARD_LIBRARIES = YES;
				BUNDLE_LOADER = "$(TEST_HOST)";
				CODE_SIGN_STYLE = Automatic;
				CURRENT_PROJECT_VERSION = 1;
				DEVELOPMENT_TEAM = CJFFCJSB6U;
				GENERATE_INFOPLIST_FILE = YES;
				IPHONEOS_DEPLOYMENT_TARGET = 15.4;
				MARKETING_VERSION = 1.0;
				PRODUCT_BUNDLE_IDENTIFIER = "com.simplebio.Hello-SwiftTests";
				PRODUCT_NAME = "$(TARGET_NAME)";
				SWIFT_EMIT_LOC_STRINGS = NO;
				SWIFT_VERSION = 5.0;
				TARGETED_DEVICE_FAMILY = "1,2";
				TEST_HOST = "$(BUILT_PRODUCTS_DIR)/Hello_Swift.app/Hello_Swift";
			};
			name = Release;
		};
		40C20EA3288FA086000A4BD7 /* Debug */ = {
			isa = XCBuildConfiguration;
			buildSettings = {
				ALWAYS_EMBED_SWIFT_STANDARD_LIBRARIES = YES;
				CODE_SIGN_STYLE = Automatic;
				CURRENT_PROJECT_VERSION = 1;
				DEVELOPMENT_TEAM = CJFFCJSB6U;
				GENERATE_INFOPLIST_FILE = YES;
				MARKETING_VERSION = 1.0;
				PRODUCT_BUNDLE_IDENTIFIER = "com.simplebio.Hello-SwiftUITests";
				PRODUCT_NAME = "$(TARGET_NAME)";
				SWIFT_EMIT_LOC_STRINGS = NO;
				SWIFT_VERSION = 5.0;
				TARGETED_DEVICE_FAMILY = "1,2";
				TEST_TARGET_NAME = Hello_Swift;
			};
			name = Debug;
		};
		40C20EA4288FA086000A4BD7 /* Release */ = {
			isa = XCBuildConfiguration;
			buildSettings = {
				ALWAYS_EMBED_SWIFT_STANDARD_LIBRARIES = YES;
				CODE_SIGN_STYLE = Automatic;
				CURRENT_PROJECT_VERSION = 1;
				DEVELOPMENT_TEAM = CJFFCJSB6U;
				GENERATE_INFOPLIST_FILE = YES;
				MARKETING_VERSION = 1.0;
				PRODUCT_BUNDLE_IDENTIFIER = "com.simplebio.Hello-SwiftUITests";
				PRODUCT_NAME = "$(TARGET_NAME)";
				SWIFT_EMIT_LOC_STRINGS = NO;
				SWIFT_VERSION = 5.0;
				TARGETED_DEVICE_FAMILY = "1,2";
				TEST_TARGET_NAME = Hello_Swift;
			};
			name = Release;
		};
/* End XCBuildConfiguration section */

/* Begin XCConfigurationList section */
		40C20E6A288FA083000A4BD7 /* Build configuration list for PBXProject "Hello_Swift" */ = {
			isa = XCConfigurationList;
			buildConfigurations = (
				40C20E9A288FA086000A4BD7 /* Debug */,
				40C20E9B288FA086000A4BD7 /* Release */,
			);
			defaultConfigurationIsVisible = 0;
			defaultConfigurationName = Release;
		};
		40C20E9C288FA086000A4BD7 /* Build configuration list for PBXNativeTarget "Hello_Swift" */ = {
			isa = XCConfigurationList;
			buildConfigurations = (
				40C20E9D288FA086000A4BD7 /* Debug */,
				40C20E9E288FA086000A4BD7 /* Release */,
			);
			defaultConfigurationIsVisible = 0;
			defaultConfigurationName = Release;
		};
		40C20E9F288FA086000A4BD7 /* Build configuration list for PBXNativeTarget "Hello_SwiftTests" */ = {
			isa = XCConfigurationList;
			buildConfigurations = (
				40C20EA0288FA086000A4BD7 /* Debug */,
				40C20EA1288FA086000A4BD7 /* Release */,
			);
			defaultConfigurationIsVisible = 0;
			defaultConfigurationName = Release;
		};
		40C20EA2288FA086000A4BD7 /* Build configuration list for PBXNativeTarget "Hello_SwiftUITests" */ = {
			isa = XCConfigurationList;
			buildConfigurations = (
				40C20EA3288FA086000A4BD7 /* Debug */,
				40C20EA4288FA086000A4BD7 /* Release */,
			);
			defaultConfigurationIsVisible = 0;
			defaultConfigurationName = Release;
		};
/* End XCConfigurationList section */

/* Begin XCVersionGroup section */
		40C20E7B288FA083000A4BD7 /* Hello_Swift.xcdatamodeld */ = {
			isa = XCVersionGroup;
			children = (
				40C20E7C288FA083000A4BD7 /* Hello_Swift.xcdatamodel */,
			);
			currentVersion = 40C20E7C288FA083000A4BD7 /* Hello_Swift.xcdatamodel */;
			path = Hello_Swift.xcdatamodeld;
			sourceTree = "<group>";
			versionGroupType = wrapper.xcdatamodel;
		};
/* End XCVersionGroup section */
	};
	rootObject = 40C20E67288FA083000A4BD7 /* Project object */;
}
